{
  "name": "ts",
  "version": "1.0.0",
  "lockfileVersion": 1,
  "requires": true,
  "dependencies": {
    "@types/jquery": {
      "version": "3.2.17",
      "resolved": "https://registry.npmjs.org/@types/jquery/-/jquery-3.2.17.tgz",
      "integrity": "sha512-lt8i2ZqymxxN1JnWSOTPU7Xc3ze32lhASkVdsMd6/SZnb/jtBsmFEoYCBSa0tzGDSyO7ZB+4r4aihj+KTlDs5w=="
    },
    "@types/marked": {
      "version": "0.3.0",
      "resolved": "https://registry.npmjs.org/@types/marked/-/marked-0.3.0.tgz",
      "integrity": "sha512-CSf9YWJdX1DkTNu9zcNtdCcn6hkRtB5ILjbhRId4ZOQqx30fXmdecuaXhugQL6eyrhuXtaHJ7PHI+Vm7k9ZJjg=="
    }
  }
}
